{
  "name": "city",
  "version": "1.0.0",
  "lockfileVersion": 3,
  "requires": true,
  "packages": {
    "": {
      "name": "city",
      "version": "1.0.0",
      "license": "ISC",
      "dependencies": {
        "german-metadata": "github:xisz/german-metadata"
      }
    },
    "node_modules/german-metadata": {
      "version": "2.0.1",
      "resolved": "git+ssh://git@github.com/xisz/german-metadata.git#e819a18584c6f6964bbb815d0557d59a2c2e5fb8"
    }
  }
}
